PODS:
  - FlutterMacOS (1.0.0)

DEPENDENCIES:
  - FlutterMacOS (from `/Users/rinat/projects/zilpay/zilpay-mobile/macos/Flutter/ephemeral`)

EXTERNAL SOURCES:
  FlutterMacOS:
    :path: "/Users/rinat/projects/zilpay/zilpay-mobile/macos/Flutter/ephemeral"

SPEC CHECKSUMS:
  FlutterMacOS: d0db08ddef1a9af05a5ec4b724367152bb0500b1

PODFILE CHECKSUM: 3151b89b58012c3a0186a882b290056876e4c86f

COCOAPODS: 1.16.2
